
Microsoft Visual Studio Solution File, Format Version 12.00
# Visual Studio Version 17
VisualStudioVersion = 17.8.34330.188
MinimumVisualStudioVersion = 10.0.40219.1
Project("{9A19103F-16F7-4668-BE54-9A1E7A4F7556}") = "ImageSharingPlatform", "ImageSharingPlatform\ImageSharingPlatform.csproj", "{C9F367F7-4B64-4D65-B819-133ACE3FA7EC}"
EndProject
Project("{9A19103F-16F7-4668-BE54-9A1E7A4F7556}") = "ImageSharingPlatform.Domain", "ImageSharingPlatform.Domain\ImageSharingPlatform.Domain.csproj", "{32EC36A5-54B5-437E-AB0A-A6DFF4977A58}"
EndProject
Project("{9A19103F-16F7-4668-BE54-9A1E7A4F7556}") = "ImageSharingPlatform.Repository", "ImageSharingPlatform.Repository\ImageSharingPlatform.Repository.csproj", "{34D88A14-B0DA-44B0-B49F-907FE11AC5C4}"
EndProject
Project("{9A19103F-16F7-4668-BE54-9A1E7A4F7556}") = "ImageSharingPlatform.Service", "ImageSharingPlatform.Service\ImageSharingPlatform.Service.csproj", "{1B76757B-4943-43AD-994B-5866CFE9445C}"
EndProject
Global
	GlobalSection(SolutionConfigurationPlatforms) = preSolution
		Debug|Any CPU = Debug|Any CPU
		Release|Any CPU = Release|Any CPU
	EndGlobalSection
	GlobalSection(ProjectConfigurationPlatforms) = postSolution
		{C9F367F7-4B64-4D65-B819-133ACE3FA7EC}.Debug|Any CPU.ActiveCfg = Debug|Any CPU
		{C9F367F7-4B64-4D65-B819-133ACE3FA7EC}.Debug|Any CPU.Build.0 = Debug|Any CPU
		{C9F367F7-4B64-4D65-B819-133ACE3FA7EC}.Release|Any CPU.ActiveCfg = Release|Any CPU
		{C9F367F7-4B64-4D65-B819-133ACE3FA7EC}.Release|Any CPU.Build.0 = Release|Any CPU
		{32EC36A5-54B5-437E-AB0A-A6DFF4977A58}.Debug|Any CPU.ActiveCfg = Debug|Any CPU
		{32EC36A5-54B5-437E-AB0A-A6DFF4977A58}.Debug|Any CPU.Build.0 = Debug|Any CPU
		{32EC36A5-54B5-437E-AB0A-A6DFF4977A58}.Release|Any CPU.ActiveCfg = Release|Any CPU
		{32EC36A5-54B5-437E-AB0A-A6DFF4977A58}.Release|Any CPU.Build.0 = Release|Any CPU
		{34D88A14-B0DA-44B0-B49F-907FE11AC5C4}.Debug|Any CPU.ActiveCfg = Debug|Any CPU
		{34D88A14-B0DA-44B0-B49F-907FE11AC5C4}.Debug|Any CPU.Build.0 = Debug|Any CPU
		{34D88A14-B0DA-44B0-B49F-907FE11AC5C4}.Release|Any CPU.ActiveCfg = Release|Any CPU
		{34D88A14-B0DA-44B0-B49F-907FE11AC5C4}.Release|Any CPU.Build.0 = Release|Any CPU
		{1B76757B-4943-43AD-994B-5866CFE9445C}.Debug|Any CPU.ActiveCfg = Debug|Any CPU
		{1B76757B-4943-43AD-994B-5866CFE9445C}.Debug|Any CPU.Build.0 = Debug|Any CPU
		{1B76757B-4943-43AD-994B-5866CFE9445C}.Release|Any CPU.ActiveCfg = Release|Any CPU
		{1B76757B-4943-43AD-994B-5866CFE9445C}.Release|Any CPU.Build.0 = Release|Any CPU
	EndGlobalSection
	GlobalSection(SolutionProperties) = preSolution
		HideSolutionNode = FALSE
	EndGlobalSection
	GlobalSection(ExtensibilityGlobals) = postSolution
		SolutionGuid = {0BFC4EBE-47D7-4B4E-A92C-10561DD49ED4}
	EndGlobalSection
EndGlobal
